// !$*UTF8*$!
{
	archiveVersion = 1;
	classes = {
	};
	objectVersion = 46;
	objects = {

/* Begin PBXBuildFile section */
		3B16D24E1528A5FC00869B10 /* EjectListener.m in Sources */ = {isa = PBXBuildFile; fileRef = 3B16D24D1528A5FC00869B10 /* EjectListener.m */; };
		3B16D2511528A8F300869B10 /* DiskArbitration.framework in Frameworks */ = {isa = PBXBuildFile; fileRef = 3B16D2501528A8F300869B10 /* DiskArbitration.framework */; };
		3B18BBCF152924D700574A79 /* EmergencyEject.icns in Resources */ = {isa = PBXBuildFile; fileRef = 3B18BBCD152924D700574A79 /* EmergencyEject.icns */; };
		3B18BBD0152924D700574A79 /* EmergencyEject.ico in Resources */ = {isa = PBXBuildFile; fileRef = 3B18BBCE152924D700574A79 /* EmergencyEject.ico */; };
		3B18BBDA152927AD00574A79 /* EmergencyEject_statusBar.png in Resources */ = {isa = PBXBuildFile; fileRef = 3B18BBD9152927AD00574A79 /* EmergencyEject_statusBar.png */; };
		3BD0010D15285DAA002DF8DE /* Cocoa.framework in Frameworks */ = {isa = PBXBuildFile; fileRef = 3BD0010C15285DAA002DF8DE /* Cocoa.framework */; };
		3BD0011715285DAA002DF8DE /* InfoPlist.strings in Resources */ = {isa = PBXBuildFile; fileRef = 3BD0011515285DAA002DF8DE /* InfoPlist.strings */; };
		3BD0011915285DAA002DF8DE /* main.m in Sources */ = {isa = PBXBuildFile; fileRef = 3BD0011815285DAA002DF8DE /* main.m */; };
		3BD0011D15285DAA002DF8DE /* Credits.rtf in Resources */ = {isa = PBXBuildFile; fileRef = 3BD0011B15285DAA002DF8DE /* Credits.rtf */; };
		3BD0012015285DAA002DF8DE /* Emergency_EjectAppDelegate.m in Sources */ = {isa = PBXBuildFile; fileRef = 3BD0011F15285DAA002DF8DE /* Emergency_EjectAppDelegate.m */; };
		3BD0012315285DAA002DF8DE /* MainMenu.xib in Resources */ = {isa = PBXBuildFile; fileRef = 3BD0012115285DAA002DF8DE /* MainMenu.xib */; };
		3BD0012A15285E37002DF8DE /* Panel.xib in Resources */ = {isa = PBXBuildFile; fileRef = 3BD0012915285E37002DF8DE /* Panel.xib */; };
		3BD0013515285E6F002DF8DE /* BackgroundView.m in Sources */ = {isa = PBXBuildFile; fileRef = 3BD0012C15285E6E002DF8DE /* BackgroundView.m */; };
		3BD0013615285E6F002DF8DE /* MenubarController.m in Sources */ = {isa = PBXBuildFile; fileRef = 3BD0012E15285E6F002DF8DE /* MenubarController.m */; };
		3BD0013715285E6F002DF8DE /* Panel.m in Sources */ = {isa = PBXBuildFile; fileRef = 3BD0013015285E6F002DF8DE /* Panel.m */; };
		3BD0013815285E6F002DF8DE /* PanelController.m in Sources */ = {isa = PBXBuildFile; fileRef = 3BD0013215285E6F002DF8DE /* PanelController.m */; };
		3BD0013915285E6F002DF8DE /* StatusItemView.m in Sources */ = {isa = PBXBuildFile; fileRef = 3BD0013415285E6F002DF8DE /* StatusItemView.m */; };
/* End PBXBuildFile section */

/* Begin PBXFileReference section */
		3B16D24C1528A5FC00869B10 /* EjectListener.h */ = {isa = PBXFileReference; fileEncoding = 4; lastKnownFileType = sourcecode.c.h; path = EjectListener.h; sourceTree = "<group>"; };
		3B16D24D1528A5FC00869B10 /* EjectListener.m */ = {isa = PBXFileReference; fileEncoding = 4; lastKnownFileType = sourcecode.c.objc; path = EjectListener.m; sourceTree = "<group>"; };
		3B16D2501528A8F300869B10 /* DiskArbitration.framework */ = {isa = PBXFileReference; lastKnownFileType = wrapper.framework; name = DiskArbitration.framework; path = System/Library/Frameworks/DiskArbitration.framework; sourceTree = SDKROOT; };
		3B18BBCD152924D700574A79 /* EmergencyEject.icns */ = {isa = PBXFileReference; lastKnownFileType = image.icns; path = EmergencyEject.icns; sourceTree = "<group>"; };
		3B18BBCE152924D700574A79 /* EmergencyEject.ico */ = {isa = PBXFileReference; lastKnownFileType = image.ico; path = EmergencyEject.ico; sourceTree = "<group>"; };
		3B18BBD9152927AD00574A79 /* EmergencyEject_statusBar.png */ = {isa = PBXFileReference; lastKnownFileType = image.png; path = EmergencyEject_statusBar.png; sourceTree = "<group>"; };
		3BD0010815285DAA002DF8DE /* Emergency Eject.app */ = {isa = PBXFileReference; explicitFileType = wrapper.application; includeInIndex = 0; path = "Emergency Eject.app"; sourceTree = BUILT_PRODUCTS_DIR; };
		3BD0010C15285DAA002DF8DE /* Cocoa.framework */ = {isa = PBXFileReference; lastKnownFileType = wrapper.framework; name = Cocoa.framework; path = System/Library/Frameworks/Cocoa.framework; sourceTree = SDKROOT; };
		3BD0010F15285DAA002DF8DE /* AppKit.framework */ = {isa = PBXFileReference; lastKnownFileType = wrapper.framework; name = AppKit.framework; path = System/Library/Frameworks/AppKit.framework; sourceTree = SDKROOT; };
		3BD0011015285DAA002DF8DE /* CoreData.framework */ = {isa = PBXFileReference; lastKnownFileType = wrapper.framework; name = CoreData.framework; path = System/Library/Frameworks/CoreData.framework; sourceTree = SDKROOT; };
		3BD0011115285DAA002DF8DE /* Foundation.framework */ = {isa = PBXFileReference; lastKnownFileType = wrapper.framework; name = Foundation.framework; path = System/Library/Frameworks/Foundation.framework; sourceTree = SDKROOT; };
		3BD0011415285DAA002DF8DE /* Emergency Eject-Info.plist */ = {isa = PBXFileReference; lastKnownFileType = text.plist.xml; path = "Emergency Eject-Info.plist"; sourceTree = "<group>"; };
		3BD0011615285DAA002DF8DE /* en */ = {isa = PBXFileReference; lastKnownFileType = text.plist.strings; name = en; path = en.lproj/InfoPlist.strings; sourceTree = "<group>"; };
		3BD0011815285DAA002DF8DE /* main.m */ = {isa = PBXFileReference; lastKnownFileType = sourcecode.c.objc; path = main.m; sourceTree = "<group>"; };
		3BD0011A15285DAA002DF8DE /* Emergency Eject-Prefix.pch */ = {isa = PBXFileReference; lastKnownFileType = sourcecode.c.h; path = "Emergency Eject-Prefix.pch"; sourceTree = "<group>"; };
		3BD0011C15285DAA002DF8DE /* en */ = {isa = PBXFileReference; lastKnownFileType = text.rtf; name = en; path = en.lproj/Credits.rtf; sourceTree = "<group>"; };
		3BD0011E15285DAA002DF8DE /* Emergency_EjectAppDelegate.h */ = {isa = PBXFileReference; lastKnownFileType = sourcecode.c.h; path = Emergency_EjectAppDelegate.h; sourceTree = "<group>"; };
		3BD0011F15285DAA002DF8DE /* Emergency_EjectAppDelegate.m */ = {isa = PBXFileReference; lastKnownFileType = sourcecode.c.objc; path = Emergency_EjectAppDelegate.m; sourceTree = "<group>"; };
		3BD0012215285DAA002DF8DE /* en */ = {isa = PBXFileReference; lastKnownFileType = file.xib; name = en; path = en.lproj/MainMenu.xib; sourceTree = "<group>"; };
		3BD0012915285E37002DF8DE /* Panel.xib */ = {isa = PBXFileReference; fileEncoding = 4; lastKnownFileType = file.xib; path = Panel.xib; sourceTree = "<group>"; };
		3BD0012B15285E6E002DF8DE /* BackgroundView.h */ = {isa = PBXFileReference; fileEncoding = 4; lastKnownFileType = sourcecode.c.h; path = BackgroundView.h; sourceTree = "<group>"; };
		3BD0012C15285E6E002DF8DE /* BackgroundView.m */ = {isa = PBXFileReference; fileEncoding = 4; lastKnownFileType = sourcecode.c.objc; path = BackgroundView.m; sourceTree = "<group>"; };
		3BD0012D15285E6F002DF8DE /* MenubarController.h */ = {isa = PBXFileReference; fileEncoding = 4; lastKnownFileType = sourcecode.c.h; path = MenubarController.h; sourceTree = "<group>"; };
		3BD0012E15285E6F002DF8DE /* MenubarController.m */ = {isa = PBXFileReference; fileEncoding = 4; lastKnownFileType = sourcecode.c.objc; path = MenubarController.m; sourceTree = "<group>"; };
		3BD0012F15285E6F002DF8DE /* Panel.h */ = {isa = PBXFileReference; fileEncoding = 4; lastKnownFileType = sourcecode.c.h; path = Panel.h; sourceTree = "<group>"; };
		3BD0013015285E6F002DF8DE /* Panel.m */ = {isa = PBXFileReference; fileEncoding = 4; lastKnownFileType = sourcecode.c.objc; path = Panel.m; sourceTree = "<group>"; };
		3BD0013115285E6F002DF8DE /* PanelController.h */ = {isa = PBXFileReference; fileEncoding = 4; lastKnownFileType = sourcecode.c.h; path = PanelController.h; sourceTree = "<group>"; };
		3BD0013215285E6F002DF8DE /* PanelController.m */ = {isa = PBXFileReference; fileEncoding = 4; lastKnownFileType = sourcecode.c.objc; path = PanelController.m; sourceTree = "<group>"; };
		3BD0013315285E6F002DF8DE /* StatusItemView.h */ = {isa = PBXFileReference; fileEncoding = 4; lastKnownFileType = sourcecode.c.h; path = StatusItemView.h; sourceTree = "<group>"; };
		3BD0013415285E6F002DF8DE /* StatusItemView.m */ = {isa = PBXFileReference; fileEncoding = 4; lastKnownFileType = sourcecode.c.objc; path = StatusItemView.m; sourceTree = "<group>"; };
/* End PBXFileReference section */

/* Begin PBXFrameworksBuildPhase section */
		3BD0010515285DAA002DF8DE /* Frameworks */ = {
			isa = PBXFrameworksBuildPhase;
			buildActionMask = 2147483647;
			files = (
				3B16D2511528A8F300869B10 /* DiskArbitration.framework in Frameworks */,
				3BD0010D15285DAA002DF8DE /* Cocoa.framework in Frameworks */,
			);
			runOnlyForDeploymentPostprocessing = 0;
		};
/* End PBXFrameworksBuildPhase section */

/* Begin PBXGroup section */
		3B18BBD2152924E900574A79 /* Resources */ = {
			isa = PBXGroup;
			children = (
				3B18BBD9152927AD00574A79 /* EmergencyEject_statusBar.png */,
				3B18BBCD152924D700574A79 /* EmergencyEject.icns */,
				3B18BBCE152924D700574A79 /* EmergencyEject.ico */,
			);
			name = Resources;
			sourceTree = "<group>";
		};
		3BD000FD15285DA9002DF8DE = {
			isa = PBXGroup;
			children = (
				3B18BBD2152924E900574A79 /* Resources */,
				3B16D2501528A8F300869B10 /* DiskArbitration.framework */,
				3BD0011215285DAA002DF8DE /* Emergency Eject */,
				3BD0010B15285DAA002DF8DE /* Frameworks */,
				3BD0010915285DAA002DF8DE /* Products */,
			);
			sourceTree = "<group>";
		};
		3BD0010915285DAA002DF8DE /* Products */ = {
			isa = PBXGroup;
			children = (
				3BD0010815285DAA002DF8DE /* Emergency Eject.app */,
			);
			name = Products;
			sourceTree = "<group>";
		};
		3BD0010B15285DAA002DF8DE /* Frameworks */ = {
			isa = PBXGroup;
			children = (
				3BD0010C15285DAA002DF8DE /* Cocoa.framework */,
				3BD0010E15285DAA002DF8DE /* Other Frameworks */,
			);
			name = Frameworks;
			sourceTree = "<group>";
		};
		3BD0010E15285DAA002DF8DE /* Other Frameworks */ = {
			isa = PBXGroup;
			children = (
				3BD0010F15285DAA002DF8DE /* AppKit.framework */,
				3BD0011015285DAA002DF8DE /* CoreData.framework */,
				3BD0011115285DAA002DF8DE /* Foundation.framework */,
			);
			name = "Other Frameworks";
			sourceTree = "<group>";
		};
		3BD0011215285DAA002DF8DE /* Emergency Eject */ = {
			isa = PBXGroup;
			children = (
				3BD0012B15285E6E002DF8DE /* BackgroundView.h */,
				3BD0012C15285E6E002DF8DE /* BackgroundView.m */,
				3BD0012D15285E6F002DF8DE /* MenubarController.h */,
				3BD0012E15285E6F002DF8DE /* MenubarController.m */,
				3BD0012F15285E6F002DF8DE /* Panel.h */,
				3BD0013015285E6F002DF8DE /* Panel.m */,
				3BD0013115285E6F002DF8DE /* PanelController.h */,
				3BD0013215285E6F002DF8DE /* PanelController.m */,
				3BD0013315285E6F002DF8DE /* StatusItemView.h */,
				3BD0013415285E6F002DF8DE /* StatusItemView.m */,
				3BD0011E15285DAA002DF8DE /* Emergency_EjectAppDelegate.h */,
				3BD0011F15285DAA002DF8DE /* Emergency_EjectAppDelegate.m */,
				3BD0012115285DAA002DF8DE /* MainMenu.xib */,
				3BD0012915285E37002DF8DE /* Panel.xib */,
				3BD0011315285DAA002DF8DE /* Supporting Files */,
				3B16D24C1528A5FC00869B10 /* EjectListener.h */,
				3B16D24D1528A5FC00869B10 /* EjectListener.m */,
			);
			path = "Emergency Eject";
			sourceTree = "<group>";
		};
		3BD0011315285DAA002DF8DE /* Supporting Files */ = {
			isa = PBXGroup;
			children = (
				3BD0011415285DAA002DF8DE /* Emergency Eject-Info.plist */,
				3BD0011515285DAA002DF8DE /* InfoPlist.strings */,
				3BD0011815285DAA002DF8DE /* main.m */,
				3BD0011A15285DAA002DF8DE /* Emergency Eject-Prefix.pch */,
				3BD0011B15285DAA002DF8DE /* Credits.rtf */,
			);
			name = "Supporting Files";
			sourceTree = "<group>";
		};
/* End PBXGroup section */

/* Begin PBXNativeTarget section */
		3BD0010715285DAA002DF8DE /* Emergency Eject */ = {
			isa = PBXNativeTarget;
			buildConfigurationList = 3BD0012615285DAA002DF8DE /* Build configuration list for PBXNativeTarget "Emergency Eject" */;
			buildPhases = (
				3BD0010415285DAA002DF8DE /* Sources */,
				3BD0010515285DAA002DF8DE /* Frameworks */,
				3BD0010615285DAA002DF8DE /* Resources */,
			);
			buildRules = (
			);
			dependencies = (
			);
			name = "Emergency Eject";
			productName = "Emergency Eject";
			productReference = 3BD0010815285DAA002DF8DE /* Emergency Eject.app */;
			productType = "com.apple.product-type.application";
		};
/* End PBXNativeTarget section */

/* Begin PBXProject section */
		3BD000FF15285DA9002DF8DE /* Project object */ = {
			isa = PBXProject;
			buildConfigurationList = 3BD0010215285DA9002DF8DE /* Build configuration list for PBXProject "Emergency Eject" */;
			compatibilityVersion = "Xcode 3.2";
			developmentRegion = English;
			hasScannedForEncodings = 0;
			knownRegions = (
				en,
			);
			mainGroup = 3BD000FD15285DA9002DF8DE;
			productRefGroup = 3BD0010915285DAA002DF8DE /* Products */;
			projectDirPath = "";
			projectRoot = "";
			targets = (
				3BD0010715285DAA002DF8DE /* Emergency Eject */,
			);
		};
/* End PBXProject section */

/* Begin PBXResourcesBuildPhase section */
		3BD0010615285DAA002DF8DE /* Resources */ = {
			isa = PBXResourcesBuildPhase;
			buildActionMask = 2147483647;
			files = (
				3BD0011715285DAA002DF8DE /* InfoPlist.strings in Resources */,
				3BD0011D15285DAA002DF8DE /* Credits.rtf in Resources */,
				3BD0012315285DAA002DF8DE /* MainMenu.xib in Resources */,
				3BD0012A15285E37002DF8DE /* Panel.xib in Resources */,
				3B18BBCF152924D700574A79 /* EmergencyEject.icns in Resources */,
				3B18BBD0152924D700574A79 /* EmergencyEject.ico in Resources */,
				3B18BBDA152927AD00574A79 /* EmergencyEject_statusBar.png in Resources */,
			);
			runOnlyForDeploymentPostprocessing = 0;
		};
/* End PBXResourcesBuildPhase section */

/* Begin PBXSourcesBuildPhase section */
		3BD0010415285DAA002DF8DE /* Sources */ = {
			isa = PBXSourcesBuildPhase;
			buildActionMask = 2147483647;
			files = (
				3BD0011915285DAA002DF8DE /* main.m in Sources */,
				3BD0012015285DAA002DF8DE /* Emergency_EjectAppDelegate.m in Sources */,
				3BD0013515285E6F002DF8DE /* BackgroundView.m in Sources */,
				3BD0013615285E6F002DF8DE /* MenubarController.m in Sources */,
				3BD0013715285E6F002DF8DE /* Panel.m in Sources */,
				3BD0013815285E6F002DF8DE /* PanelController.m in Sources */,
				3BD0013915285E6F002DF8DE /* StatusItemView.m in Sources */,
				3B16D24E1528A5FC00869B10 /* EjectListener.m in Sources */,
			);
			runOnlyForDeploymentPostprocessing = 0;
		};
/* End PBXSourcesBuildPhase section */

/* Begin PBXVariantGroup section */
		3BD0011515285DAA002DF8DE /* InfoPlist.strings */ = {
			isa = PBXVariantGroup;
			children = (
				3BD0011615285DAA002DF8DE /* en */,
			);
			name = InfoPlist.strings;
			sourceTree = "<group>";
		};
		3BD0011B15285DAA002DF8DE /* Credits.rtf */ = {
			isa = PBXVariantGroup;
			children = (
				3BD0011C15285DAA002DF8DE /* en */,
			);
			name = Credits.rtf;
			sourceTree = "<group>";
		};
		3BD0012115285DAA002DF8DE /* MainMenu.xib */ = {
			isa = PBXVariantGroup;
			children = (
				3BD0012215285DAA002DF8DE /* en */,
			);
			name = MainMenu.xib;
			sourceTree = "<group>";
		};
/* End PBXVariantGroup section */

/* Begin XCBuildConfiguration section */
		3BD0012415285DAA002DF8DE /* Debug */ = {
			isa = XCBuildConfiguration;
			buildSettings = {
				ALWAYS_SEARCH_USER_PATHS = NO;
				ARCHS = "$(ARCHS_STANDARD_64_BIT)";
				COPY_PHASE_STRIP = NO;
				GCC_C_LANGUAGE_STANDARD = gnu99;
				GCC_DYNAMIC_NO_PIC = NO;
				GCC_ENABLE_OBJC_EXCEPTIONS = YES;
				GCC_OPTIMIZATION_LEVEL = 0;
				GCC_PREPROCESSOR_DEFINITIONS = (
					"DEBUG=1",
					"$(inherited)",
				);
				GCC_SYMBOLS_PRIVATE_EXTERN = NO;
				GCC_VERSION = com.apple.compilers.llvm.clang.1_0;
				GCC_WARN_64_TO_32_BIT_CONVERSION = YES;
				GCC_WARN_ABOUT_MISSING_PROTOTYPES = YES;
				GCC_WARN_ABOUT_RETURN_TYPE = YES;
				GCC_WARN_UNUSED_VARIABLE = YES;
				MACOSX_DEPLOYMENT_TARGET = 10.7;
				ONLY_ACTIVE_ARCH = YES;
				SDKROOT = macosx;
			};
			name = Debug;
		};
		3BD0012515285DAA002DF8DE /* Release */ = {
			isa = XCBuildConfiguration;
			buildSettings = {
				ALWAYS_SEARCH_USER_PATHS = NO;
				ARCHS = "$(ARCHS_STANDARD_64_BIT)";
				COPY_PHASE_STRIP = YES;
				DEBUG_INFORMATION_FORMAT = "dwarf-with-dsym";
				GCC_C_LANGUAGE_STANDARD = gnu99;
				GCC_ENABLE_OBJC_EXCEPTIONS = YES;
				GCC_VERSION = com.apple.compilers.llvm.clang.1_0;
				GCC_WARN_64_TO_32_BIT_CONVERSION = YES;
				GCC_WARN_ABOUT_MISSING_PROTOTYPES = YES;
				GCC_WARN_ABOUT_RETURN_TYPE = YES;
				GCC_WARN_UNUSED_VARIABLE = YES;
				MACOSX_DEPLOYMENT_TARGET = 10.7;
				SDKROOT = macosx;
			};
			name = Release;
		};
		3BD0012715285DAA002DF8DE /* Debug */ = {
			isa = XCBuildConfiguration;
			buildSettings = {
				GCC_PRECOMPILE_PREFIX_HEADER = YES;
				GCC_PREFIX_HEADER = "Emergency Eject/Emergency Eject-Prefix.pch";
				INFOPLIST_FILE = "Emergency Eject/Emergency Eject-Info.plist";
				MACOSX_DEPLOYMENT_TARGET = 10.7;
				PRODUCT_NAME = "$(TARGET_NAME)";
				WRAPPER_EXTENSION = app;
			};
			name = Debug;
		};
		3BD0012815285DAA002DF8DE /* Release */ = {
			isa = XCBuildConfiguration;
			buildSettings = {
				GCC_PRECOMPILE_PREFIX_HEADER = YES;
				GCC_PREFIX_HEADER = "Emergency Eject/Emergency Eject-Prefix.pch";
				INFOPLIST_FILE = "Emergency Eject/Emergency Eject-Info.plist";
				MACOSX_DEPLOYMENT_TARGET = 10.7;
				PRODUCT_NAME = "$(TARGET_NAME)";
				WRAPPER_EXTENSION = app;
			};
			name = Release;
		};
/* End XCBuildConfiguration section */

/* Begin XCConfigurationList section */
		3BD0010215285DA9002DF8DE /* Build configuration list for PBXProject "Emergency Eject" */ = {
			isa = XCConfigurationList;
			buildConfigurations = (
				3BD0012415285DAA002DF8DE /* Debug */,
				3BD0012515285DAA002DF8DE /* Release */,
			);
			defaultConfigurationIsVisible = 0;
			defaultConfigurationName = Release;
		};
		3BD0012615285DAA002DF8DE /* Build configuration list for PBXNativeTarget "Emergency Eject" */ = {
			isa = XCConfigurationList;
			buildConfigurations = (
				3BD0012715285DAA002DF8DE /* Debug */,
				3BD0012815285DAA002DF8DE /* Release */,
			);
			defaultConfigurationIsVisible = 0;
			defaultConfigurationName = Release;
		};
/* End XCConfigurationList section */
	};
	rootObject = 3BD000FF15285DA9002DF8DE /* Project object */;
}
